// !$*UTF8*$!
{
	archiveVersion = 1;
	classes = {
	};
	objectVersion = 55;
	objects = {

/* Begin PBXBuildFile section */
		65E2E49228A19E1C00BE6426 /* SpineProjectApp.swift in Sources */ = {isa = PBXBuildFile; fileRef = 65E2E49128A19E1C00BE6426 /* SpineProjectApp.swift */; };
		65E2E49428A19E1C00BE6426 /* ContentView.swift in Sources */ = {isa = PBXBuildFile; fileRef = 65E2E49328A19E1C00BE6426 /* ContentView.swift */; };
		65E2E49628A19E1E00BE6426 /* Assets.xcassets in Resources */ = {isa = PBXBuildFile; fileRef = 65E2E49528A19E1E00BE6426 /* Assets.xcassets */; };
		65E2E49928A19E1E00BE6426 /* Preview Assets.xcassets in Resources */ = {isa = PBXBuildFile; fileRef = 65E2E49828A19E1E00BE6426 /* Preview Assets.xcassets */; };
		65E2E4A328A19E1E00BE6426 /* SpineProjectTests.swift in Sources */ = {isa = PBXBuildFile; fileRef = 65E2E4A228A19E1E00BE6426 /* SpineProjectTests.swift */; };
		65E2E4AD28A19E1E00BE6426 /* SpineProjectUITests.swift in Sources */ = {isa = PBXBuildFile; fileRef = 65E2E4AC28A19E1E00BE6426 /* SpineProjectUITests.swift */; };
		65E2E4AF28A19E1E00BE6426 /* SpineProjectUITestsLaunchTests.swift in Sources */ = {isa = PBXBuildFile; fileRef = 65E2E4AE28A19E1E00BE6426 /* SpineProjectUITestsLaunchTests.swift */; };
/* End PBXBuildFile section */

/* Begin PBXContainerItemProxy section */
		65E2E49F28A19E1E00BE6426 /* PBXContainerItemProxy */ = {
			isa = PBXContainerItemProxy;
			containerPortal = 65E2E48628A19E1C00BE6426 /* Project object */;
			proxyType = 1;
			remoteGlobalIDString = 65E2E48D28A19E1C00BE6426;
			remoteInfo = SpineProject;
		};
		65E2E4A928A19E1E00BE6426 /* PBXContainerItemProxy */ = {
			isa = PBXContainerItemProxy;
			containerPortal = 65E2E48628A19E1C00BE6426 /* Project object */;
			proxyType = 1;
			remoteGlobalIDString = 65E2E48D28A19E1C00BE6426;
			remoteInfo = SpineProject;
		};
/* End PBXContainerItemProxy section */

/* Begin PBXFileReference section */
		65E2E48E28A19E1C00BE6426 /* SpineProject.app */ = {isa = PBXFileReference; explicitFileType = wrapper.application; includeInIndex = 0; path = SpineProject.app; sourceTree = BUILT_PRODUCTS_DIR; };
		65E2E49128A19E1C00BE6426 /* SpineProjectApp.swift */ = {isa = PBXFileReference; lastKnownFileType = sourcecode.swift; path = SpineProjectApp.swift; sourceTree = "<group>"; };
		65E2E49328A19E1C00BE6426 /* ContentView.swift */ = {isa = PBXFileReference; lastKnownFileType = sourcecode.swift; path = ContentView.swift; sourceTree = "<group>"; };
		65E2E49528A19E1E00BE6426 /* Assets.xcassets */ = {isa = PBXFileReference; lastKnownFileType = folder.assetcatalog; path = Assets.xcassets; sourceTree = "<group>"; };
		65E2E49828A19E1E00BE6426 /* Preview Assets.xcassets */ = {isa = PBXFileReference; lastKnownFileType = folder.assetcatalog; path = "Preview Assets.xcassets"; sourceTree = "<group>"; };
		65E2E49E28A19E1E00BE6426 /* SpineProjectTests.xctest */ = {isa = PBXFileReference; explicitFileType = wrapper.cfbundle; includeInIndex = 0; path = SpineProjectTests.xctest; sourceTree = BUILT_PRODUCTS_DIR; };
		65E2E4A228A19E1E00BE6426 /* SpineProjectTests.swift */ = {isa = PBXFileReference; lastKnownFileType = sourcecode.swift; path = SpineProjectTests.swift; sourceTree = "<group>"; };
		65E2E4A828A19E1E00BE6426 /* SpineProjectUITests.xctest */ = {isa = PBXFileReference; explicitFileType = wrapper.cfbundle; includeInIndex = 0; path = SpineProjectUITests.xctest; sourceTree = BUILT_PRODUCTS_DIR; };
		65E2E4AC28A19E1E00BE6426 /* SpineProjectUITests.swift */ = {isa = PBXFileReference; lastKnownFileType = sourcecode.swift; path = SpineProjectUITests.swift; sourceTree = "<group>"; };
		65E2E4AE28A19E1E00BE6426 /* SpineProjectUITestsLaunchTests.swift */ = {isa = PBXFileReference; lastKnownFileType = sourcecode.swift; path = SpineProjectUITestsLaunchTests.swift; sourceTree = "<group>"; };
/* End PBXFileReference section */

/* Begin PBXFrameworksBuildPhase section */
		65E2E48B28A19E1C00BE6426 /* Frameworks */ = {
			isa = PBXFrameworksBuildPhase;
			buildActionMask = 2147483647;
			files = (
			);
			runOnlyForDeploymentPostprocessing = 0;
		};
		65E2E49B28A19E1E00BE6426 /* Frameworks */ = {
			isa = PBXFrameworksBuildPhase;
			buildActionMask = 2147483647;
			files = (
			);
			runOnlyForDeploymentPostprocessing = 0;
		};
		65E2E4A528A19E1E00BE6426 /* Frameworks */ = {
			isa = PBXFrameworksBuildPhase;
			buildActionMask = 2147483647;
			files = (
			);
			runOnlyForDeploymentPostprocessing = 0;
		};
/* End PBXFrameworksBuildPhase section */

/* Begin PBXGroup section */
		65E2E48528A19E1C00BE6426 = {
			isa = PBXGroup;
			children = (
				65E2E49028A19E1C00BE6426 /* SpineProject */,
				65E2E4A128A19E1E00BE6426 /* SpineProjectTests */,
				65E2E4AB28A19E1E00BE6426 /* SpineProjectUITests */,
				65E2E48F28A19E1C00BE6426 /* Products */,
			);
			sourceTree = "<group>";
		};
		65E2E48F28A19E1C00BE6426 /* Products */ = {
			isa = PBXGroup;
			children = (
				65E2E48E28A19E1C00BE6426 /* SpineProject.app */,
				65E2E49E28A19E1E00BE6426 /* SpineProjectTests.xctest */,
				65E2E4A828A19E1E00BE6426 /* SpineProjectUITests.xctest */,
			);
			name = Products;
			sourceTree = "<group>";
		};
		65E2E49028A19E1C00BE6426 /* SpineProject */ = {
			isa = PBXGroup;
			children = (
				65E2E49128A19E1C00BE6426 /* SpineProjectApp.swift */,
				65E2E49328A19E1C00BE6426 /* ContentView.swift */,
				65E2E49528A19E1E00BE6426 /* Assets.xcassets */,
				65E2E49728A19E1E00BE6426 /* Preview Content */,
			);
			path = SpineProject;
			sourceTree = "<group>";
		};
		65E2E49728A19E1E00BE6426 /* Preview Content */ = {
			isa = PBXGroup;
			children = (
				65E2E49828A19E1E00BE6426 /* Preview Assets.xcassets */,
			);
			path = "Preview Content";
			sourceTree = "<group>";
		};
		65E2E4A128A19E1E00BE6426 /* SpineProjectTests */ = {
			isa = PBXGroup;
			children = (
				65E2E4A228A19E1E00BE6426 /* SpineProjectTests.swift */,
			);
			path = SpineProjectTests;
			sourceTree = "<group>";
		};
		65E2E4AB28A19E1E00BE6426 /* SpineProjectUITests */ = {
			isa = PBXGroup;
			children = (
				65E2E4AC28A19E1E00BE6426 /* SpineProjectUITests.swift */,
				65E2E4AE28A19E1E00BE6426 /* SpineProjectUITestsLaunchTests.swift */,
			);
			path = SpineProjectUITests;
			sourceTree = "<group>";
		};
/* End PBXGroup section */

/* Begin PBXNativeTarget section */
		65E2E48D28A19E1C00BE6426 /* SpineProject */ = {
			isa = PBXNativeTarget;
			buildConfigurationList = 65E2E4B228A19E1E00BE6426 /* Build configuration list for PBXNativeTarget "SpineProject" */;
			buildPhases = (
				65E2E48A28A19E1C00BE6426 /* Sources */,
				65E2E48B28A19E1C00BE6426 /* Frameworks */,
				65E2E48C28A19E1C00BE6426 /* Resources */,
			);
			buildRules = (
			);
			dependencies = (
			);
			name = SpineProject;
			productName = SpineProject;
			productReference = 65E2E48E28A19E1C00BE6426 /* SpineProject.app */;
			productType = "com.apple.product-type.application";
		};
		65E2E49D28A19E1E00BE6426 /* SpineProjectTests */ = {
			isa = PBXNativeTarget;
			buildConfigurationList = 65E2E4B528A19E1E00BE6426 /* Build configuration list for PBXNativeTarget "SpineProjectTests" */;
			buildPhases = (
				65E2E49A28A19E1E00BE6426 /* Sources */,
				65E2E49B28A19E1E00BE6426 /* Frameworks */,
				65E2E49C28A19E1E00BE6426 /* Resources */,
			);
			buildRules = (
			);
			dependencies = (
				65E2E4A028A19E1E00BE6426 /* PBXTargetDependency */,
			);
			name = SpineProjectTests;
			productName = SpineProjectTests;
			productReference = 65E2E49E28A19E1E00BE6426 /* SpineProjectTests.xctest */;
			productType = "com.apple.product-type.bundle.unit-test";
		};
		65E2E4A728A19E1E00BE6426 /* SpineProjectUITests */ = {
			isa = PBXNativeTarget;
			buildConfigurationList = 65E2E4B828A19E1E00BE6426 /* Build configuration list for PBXNativeTarget "SpineProjectUITests" */;
			buildPhases = (
				65E2E4A428A19E1E00BE6426 /* Sources */,
				65E2E4A528A19E1E00BE6426 /* Frameworks */,
				65E2E4A628A19E1E00BE6426 /* Resources */,
			);
			buildRules = (
			);
			dependencies = (
				65E2E4AA28A19E1E00BE6426 /* PBXTargetDependency */,
			);
			name = SpineProjectUITests;
			productName = SpineProjectUITests;
			productReference = 65E2E4A828A19E1E00BE6426 /* SpineProjectUITests.xctest */;
			productType = "com.apple.product-type.bundle.ui-testing";
		};
/* End PBXNativeTarget section */

/* Begin PBXProject section */
		65E2E48628A19E1C00BE6426 /* Project object */ = {
			isa = PBXProject;
			attributes = {
				BuildIndependentTargetsInParallel = 1;
				LastSwiftUpdateCheck = 1340;
				LastUpgradeCheck = 1340;
				TargetAttributes = {
					65E2E48D28A19E1C00BE6426 = {
						CreatedOnToolsVersion = 13.4.1;
					};
					65E2E49D28A19E1E00BE6426 = {
						CreatedOnToolsVersion = 13.4.1;
						TestTargetID = 65E2E48D28A19E1C00BE6426;
					};
					65E2E4A728A19E1E00BE6426 = {
						CreatedOnToolsVersion = 13.4.1;
						TestTargetID = 65E2E48D28A19E1C00BE6426;
					};
				};
			};
			buildConfigurationList = 65E2E48928A19E1C00BE6426 /* Build configuration list for PBXProject "SpineProject" */;
			compatibilityVersion = "Xcode 13.0";
			developmentRegion = en;
			hasScannedForEncodings = 0;
			knownRegions = (
				en,
				Base,
			);
			mainGroup = 65E2E48528A19E1C00BE6426;
			productRefGroup = 65E2E48F28A19E1C00BE6426 /* Products */;
			projectDirPath = "";
			projectRoot = "";
			targets = (
				65E2E48D28A19E1C00BE6426 /* SpineProject */,
				65E2E49D28A19E1E00BE6426 /* SpineProjectTests */,
				65E2E4A728A19E1E00BE6426 /* SpineProjectUITests */,
			);
		};
/* End PBXProject section */

/* Begin PBXResourcesBuildPhase section */
		65E2E48C28A19E1C00BE6426 /* Resources */ = {
			isa = PBXResourcesBuildPhase;
			buildActionMask = 2147483647;
			files = (
				65E2E49928A19E1E00BE6426 /* Preview Assets.xcassets in Resources */,
				65E2E49628A19E1E00BE6426 /* Assets.xcassets in Resources */,
			);
			runOnlyForDeploymentPostprocessing = 0;
		};
		65E2E49C28A19E1E00BE6426 /* Resources */ = {
			isa = PBXResourcesBuildPhase;
			buildActionMask = 2147483647;
			files = (
			);
			runOnlyForDeploymentPostprocessing = 0;
		};
		65E2E4A628A19E1E00BE6426 /* Resources */ = {
			isa = PBXResourcesBuildPhase;
			buildActionMask = 2147483647;
			files = (
			);
			runOnlyForDeploymentPostprocessing = 0;
		};
/* End PBXResourcesBuildPhase section */

/* Begin PBXSourcesBuildPhase section */
		65E2E48A28A19E1C00BE6426 /* Sources */ = {
			isa = PBXSourcesBuildPhase;
			buildActionMask = 2147483647;
			files = (
				65E2E49428A19E1C00BE6426 /* ContentView.swift in Sources */,
				65E2E49228A19E1C00BE6426 /* SpineProjectApp.swift in Sources */,
			);
			runOnlyForDeploymentPostprocessing = 0;
		};
		65E2E49A28A19E1E00BE6426 /* Sources */ = {
			isa = PBXSourcesBuildPhase;
			buildActionMask = 2147483647;
			files = (
				65E2E4A328A19E1E00BE6426 /* SpineProjectTests.swift in Sources */,
			);
			runOnlyForDeploymentPostprocessing = 0;
		};
		65E2E4A428A19E1E00BE6426 /* Sources */ = {
			isa = PBXSourcesBuildPhase;
			buildActionMask = 2147483647;
			files = (
				65E2E4AF28A19E1E00BE6426 /* SpineProjectUITestsLaunchTests.swift in Sources */,
				65E2E4AD28A19E1E00BE6426 /* SpineProjectUITests.swift in Sources */,
			);
			runOnlyForDeploymentPostprocessing = 0;
		};
/* End PBXSourcesBuildPhase section */

/* Begin PBXTargetDependency section */
		65E2E4A028A19E1E00BE6426 /* PBXTargetDependency */ = {
			isa = PBXTargetDependency;
			target = 65E2E48D28A19E1C00BE6426 /* SpineProject */;
			targetProxy = 65E2E49F28A19E1E00BE6426 /* PBXContainerItemProxy */;
		};
		65E2E4AA28A19E1E00BE6426 /* PBXTargetDependency */ = {
			isa = PBXTargetDependency;
			target = 65E2E48D28A19E1C00BE6426 /* SpineProject */;
			targetProxy = 65E2E4A928A19E1E00BE6426 /* PBXContainerItemProxy */;
		};
/* End PBXTargetDependency section */

/* Begin XCBuildConfiguration section */
		65E2E4B028A19E1E00BE6426 /* Debug */ = {
			isa = XCBuildConfiguration;
			buildSettings = {
				ALWAYS_SEARCH_USER_PATHS = NO;
				CLANG_ANALYZER_NONNULL = YES;
				CLANG_ANALYZER_NUMBER_OBJECT_CONVERSION = YES_AGGRESSIVE;
				CLANG_CXX_LANGUAGE_STANDARD = "gnu++17";
				CLANG_ENABLE_MODULES = YES;
				CLANG_ENABLE_OBJC_ARC = YES;
				CLANG_ENABLE_OBJC_WEAK = YES;
				CLANG_WARN_BLOCK_CAPTURE_AUTORELEASING = YES;
				CLANG_WARN_BOOL_CONVERSION = YES;
				CLANG_WARN_COMMA = YES;
				CLANG_WARN_CONSTANT_CONVERSION = YES;
				CLANG_WARN_DEPRECATED_OBJC_IMPLEMENTATIONS = YES;
				CLANG_WARN_DIRECT_OBJC_ISA_USAGE = YES_ERROR;
				CLANG_WARN_DOCUMENTATION_COMMENTS = YES;
				CLANG_WARN_EMPTY_BODY = YES;
				CLANG_WARN_ENUM_CONVERSION = YES;
				CLANG_WARN_INFINITE_RECURSION = YES;
				CLANG_WARN_INT_CONVERSION = YES;
				CLANG_WARN_NON_LITERAL_NULL_CONVERSION = YES;
				CLANG_WARN_OBJC_IMPLICIT_RETAIN_SELF = YES;
				CLANG_WARN_OBJC_LITERAL_CONVERSION = YES;
				CLANG_WARN_OBJC_ROOT_CLASS = YES_ERROR;
				CLANG_WARN_QUOTED_INCLUDE_IN_FRAMEWORK_HEADER = YES;
				CLANG_WARN_RANGE_LOOP_ANALYSIS = YES;
				CLANG_WARN_STRICT_PROTOTYPES = YES;
				CLANG_WARN_SUSPICIOUS_MOVE = YES;
				CLANG_WARN_UNGUARDED_AVAILABILITY = YES_AGGRESSIVE;
				CLANG_WARN_UNREACHABLE_CODE = YES;
				CLANG_WARN__DUPLICATE_METHOD_MATCH = YES;
				COPY_PHASE_STRIP = NO;
				DEBUG_INFORMATION_FORMAT = dwarf;
				ENABLE_STRICT_OBJC_MSGSEND = YES;
				ENABLE_TESTABILITY = YES;
				GCC_C_LANGUAGE_STANDARD = gnu11;
				GCC_DYNAMIC_NO_PIC = NO;
				GCC_NO_COMMON_BLOCKS = YES;
				GCC_OPTIMIZATION_LEVEL = 0;
				GCC_PREPROCESSOR_DEFINITIONS = (
					"DEBUG=1",
					"$(inherited)",
				);
				GCC_WARN_64_TO_32_BIT_CONVERSION = YES;
				GCC_WARN_ABOUT_RETURN_TYPE = YES_ERROR;
				GCC_WARN_UNDECLARED_SELECTOR = YES;
				GCC_WARN_UNINITIALIZED_AUTOS = YES_AGGRESSIVE;
				GCC_WARN_UNUSED_FUNCTION = YES;
				GCC_WARN_UNUSED_VARIABLE = YES;
				IPHONEOS_DEPLOYMENT_TARGET = 15.5;
				MTL_ENABLE_DEBUG_INFO = INCLUDE_SOURCE;
				MTL_FAST_MATH = YES;
				ONLY_ACTIVE_ARCH = YES;
				SDKROOT = iphoneos;
				SWIFT_ACTIVE_COMPILATION_CONDITIONS = DEBUG;
				SWIFT_OPTIMIZATION_LEVEL = "-Onone";
			};
			name = Debug;
		};
		65E2E4B128A19E1E00BE6426 /* Release */ = {
			isa = XCBuildConfiguration;
			buildSettings = {
				ALWAYS_SEARCH_USER_PATHS = NO;
				CLANG_ANALYZER_NONNULL = YES;
				CLANG_ANALYZER_NUMBER_OBJECT_CONVERSION = YES_AGGRESSIVE;
				CLANG_CXX_LANGUAGE_STANDARD = "gnu++17";
				CLANG_ENABLE_MODULES = YES;
				CLANG_ENABLE_OBJC_ARC = YES;
				CLANG_ENABLE_OBJC_WEAK = YES;
				CLANG_WARN_BLOCK_CAPTURE_AUTORELEASING = YES;
				CLANG_WARN_BOOL_CONVERSION = YES;
				CLANG_WARN_COMMA = YES;
				CLANG_WARN_CONSTANT_CONVERSION = YES;
				CLANG_WARN_DEPRECATED_OBJC_IMPLEMENTATIONS = YES;
				CLANG_WARN_DIRECT_OBJC_ISA_USAGE = YES_ERROR;
				CLANG_WARN_DOCUMENTATION_COMMENTS = YES;
				CLANG_WARN_EMPTY_BODY = YES;
				CLANG_WARN_ENUM_CONVERSION = YES;
				CLANG_WARN_INFINITE_RECURSION = YES;
				CLANG_WARN_INT_CONVERSION = YES;
				CLANG_WARN_NON_LITERAL_NULL_CONVERSION = YES;
				CLANG_WARN_OBJC_IMPLICIT_RETAIN_SELF = YES;
				CLANG_WARN_OBJC_LITERAL_CONVERSION = YES;
				CLANG_WARN_OBJC_ROOT_CLASS = YES_ERROR;
				CLANG_WARN_QUOTED_INCLUDE_IN_FRAMEWORK_HEADER = YES;
				CLANG_WARN_RANGE_LOOP_ANALYSIS = YES;
				CLANG_WARN_STRICT_PROTOTYPES = YES;
				CLANG_WARN_SUSPICIOUS_MOVE = YES;
				CLANG_WARN_UNGUARDED_AVAILABILITY = YES_AGGRESSIVE;
				CLANG_WARN_UNREACHABLE_CODE = YES;
				CLANG_WARN__DUPLICATE_METHOD_MATCH = YES;
				COPY_PHASE_STRIP = NO;
				DEBUG_INFORMATION_FORMAT = "dwarf-with-dsym";
				ENABLE_NS_ASSERTIONS = NO;
				ENABLE_STRICT_OBJC_MSGSEND = YES;
				GCC_C_LANGUAGE_STANDARD = gnu11;
				GCC_NO_COMMON_BLOCKS = YES;
				GCC_WARN_64_TO_32_BIT_CONVERSION = YES;
				GCC_WARN_ABOUT_RETURN_TYPE = YES_ERROR;
				GCC_WARN_UNDECLARED_SELECTOR = YES;
				GCC_WARN_UNINITIALIZED_AUTOS = YES_AGGRESSIVE;
				GCC_WARN_UNUSED_FUNCTION = YES;
				GCC_WARN_UNUSED_VARIABLE = YES;
				IPHONEOS_DEPLOYMENT_TARGET = 15.5;
				MTL_ENABLE_DEBUG_INFO = NO;
				MTL_FAST_MATH = YES;
				SDKROOT = iphoneos;
				SWIFT_COMPILATION_MODE = wholemodule;
				SWIFT_OPTIMIZATION_LEVEL = "-O";
				VALIDATE_PRODUCT = YES;
			};
			name = Release;
		};
		65E2E4B328A19E1E00BE6426 /* Debug */ = {
			isa = XCBuildConfiguration;
			buildSettings = {
				ASSETCATALOG_COMPILER_APPICON_NAME = AppIcon;
				ASSETCATALOG_COMPILER_GLOBAL_ACCENT_COLOR_NAME = AccentColor;
				CODE_SIGN_STYLE = Automatic;
				CURRENT_PROJECT_VERSION = 1;
				DEVELOPMENT_ASSET_PATHS = "\"SpineProject/Preview Content\"";
				DEVELOPMENT_TEAM = N23AJLFLW2;
				ENABLE_PREVIEWS = YES;
				GENERATE_INFOPLIST_FILE = YES;
				INFOPLIST_KEY_UIApplicationSceneManifest_Generation = YES;
				INFOPLIST_KEY_UIApplicationSupportsIndirectInputEvents = YES;
				INFOPLIST_KEY_UILaunchScreen_Generation = YES;
				INFOPLIST_KEY_UISupportedInterfaceOrientations_iPad = "UIInterfaceOrientationPortrait UIInterfaceOrientationPortraitUpsideDown UIInterfaceOrientationLandscapeLeft UIInterfaceOrientationLandscapeRight";
				INFOPLIST_KEY_UISupportedInterfaceOrientations_iPhone = "UIInterfaceOrientationPortrait UIInterfaceOrientationLandscapeLeft UIInterfaceOrientationLandscapeRight";
				LD_RUNPATH_SEARCH_PATHS = (
					"$(inherited)",
					"@executable_path/Frameworks",
				);
				MARKETING_VERSION = 1.0;
				PRODUCT_BUNDLE_IDENTIFIER = com.ailidhkinney.SpineProject;
				PRODUCT_NAME = "$(TARGET_NAME)";
				SWIFT_EMIT_LOC_STRINGS = YES;
				SWIFT_VERSION = 5.0;
				TARGETED_DEVICE_FAMILY = "1,2";
			};
			name = Debug;
		};
		65E2E4B428A19E1E00BE6426 /* Release */ = {
			isa = XCBuildConfiguration;
			buildSettings = {
				ASSETCATALOG_COMPILER_APPICON_NAME = AppIcon;
				ASSETCATALOG_COMPILER_GLOBAL_ACCENT_COLOR_NAME = AccentColor;
				CODE_SIGN_STYLE = Automatic;
				CURRENT_PROJECT_VERSION = 1;
				DEVELOPMENT_ASSET_PATHS = "\"SpineProject/Preview Content\"";
				DEVELOPMENT_TEAM = N23AJLFLW2;
				ENABLE_PREVIEWS = YES;
				GENERATE_INFOPLIST_FILE = YES;
				INFOPLIST_KEY_UIApplicationSceneManifest_Generation = YES;
				INFOPLIST_KEY_UIApplicationSupportsIndirectInputEvents = YES;
				INFOPLIST_KEY_UILaunchScreen_Generation = YES;
				INFOPLIST_KEY_UISupportedInterfaceOrientations_iPad = "UIInterfaceOrientationPortrait UIInterfaceOrientationPortraitUpsideDown UIInterfaceOrientationLandscapeLeft UIInterfaceOrientationLandscapeRight";
				INFOPLIST_KEY_UISupportedInterfaceOrientations_iPhone = "UIInterfaceOrientationPortrait UIInterfaceOrientationLandscapeLeft UIInterfaceOrientationLandscapeRight";
				LD_RUNPATH_SEARCH_PATHS = (
					"$(inherited)",
					"@executable_path/Frameworks",
				);
				MARKETING_VERSION = 1.0;
				PRODUCT_BUNDLE_IDENTIFIER = com.ailidhkinney.SpineProject;
				PRODUCT_NAME = "$(TARGET_NAME)";
				SWIFT_EMIT_LOC_STRINGS = YES;
				SWIFT_VERSION = 5.0;
				TARGETED_DEVICE_FAMILY = "1,2";
			};
			name = Release;
		};
		65E2E4B628A19E1E00BE6426 /* Debug */ = {
			isa = XCBuildConfiguration;
			buildSettings = {
				ALWAYS_EMBED_SWIFT_STANDARD_LIBRARIES = YES;
				BUNDLE_LOADER = "$(TEST_HOST)";
				CODE_SIGN_STYLE = Automatic;
				CURRENT_PROJECT_VERSION = 1;
				DEVELOPMENT_TEAM = N23AJLFLW2;
				GENERATE_INFOPLIST_FILE = YES;
				IPHONEOS_DEPLOYMENT_TARGET = 15.5;
				MARKETING_VERSION = 1.0;
				PRODUCT_BUNDLE_IDENTIFIER = com.ailidhkinney.SpineProjectTests;
				PRODUCT_NAME = "$(TARGET_NAME)";
				SWIFT_EMIT_LOC_STRINGS = NO;
				SWIFT_VERSION = 5.0;
				TARGETED_DEVICE_FAMILY = "1,2";
				TEST_HOST = "$(BUILT_PRODUCTS_DIR)/SpineProject.app/SpineProject";
			};
			name = Debug;
		};
		65E2E4B728A19E1E00BE6426 /* Release */ = {
			isa = XCBuildConfiguration;
			buildSettings = {
				ALWAYS_EMBED_SWIFT_STANDARD_LIBRARIES = YES;
				BUNDLE_LOADER = "$(TEST_HOST)";
				CODE_SIGN_STYLE = Automatic;
				CURRENT_PROJECT_VERSION = 1;
				DEVELOPMENT_TEAM = N23AJLFLW2;
				GENERATE_INFOPLIST_FILE = YES;
				IPHONEOS_DEPLOYMENT_TARGET = 15.5;
				MARKETING_VERSION = 1.0;
				PRODUCT_BUNDLE_IDENTIFIER = com.ailidhkinney.SpineProjectTests;
				PRODUCT_NAME = "$(TARGET_NAME)";
				SWIFT_EMIT_LOC_STRINGS = NO;
				SWIFT_VERSION = 5.0;
				TARGETED_DEVICE_FAMILY = "1,2";
				TEST_HOST = "$(BUILT_PRODUCTS_DIR)/SpineProject.app/SpineProject";
			};
			name = Release;
		};
		65E2E4B928A19E1E00BE6426 /* Debug */ = {
			isa = XCBuildConfiguration;
			buildSettings = {
				ALWAYS_EMBED_SWIFT_STANDARD_LIBRARIES = YES;
				CODE_SIGN_STYLE = Automatic;
				CURRENT_PROJECT_VERSION = 1;
				DEVELOPMENT_TEAM = N23AJLFLW2;
				GENERATE_INFOPLIST_FILE = YES;
				MARKETING_VERSION = 1.0;
				PRODUCT_BUNDLE_IDENTIFIER = com.ailidhkinney.SpineProjectUITests;
				PRODUCT_NAME = "$(TARGET_NAME)";
				SWIFT_EMIT_LOC_STRINGS = NO;
				SWIFT_VERSION = 5.0;
				TARGETED_DEVICE_FAMILY = "1,2";
				TEST_TARGET_NAME = SpineProject;
			};
			name = Debug;
		};
		65E2E4BA28A19E1E00BE6426 /* Release */ = {
			isa = XCBuildConfiguration;
			buildSettings = {
				ALWAYS_EMBED_SWIFT_STANDARD_LIBRARIES = YES;
				CODE_SIGN_STYLE = Automatic;
				CURRENT_PROJECT_VERSION = 1;
				DEVELOPMENT_TEAM = N23AJLFLW2;
				GENERATE_INFOPLIST_FILE = YES;
				MARKETING_VERSION = 1.0;
				PRODUCT_BUNDLE_IDENTIFIER = com.ailidhkinney.SpineProjectUITests;
				PRODUCT_NAME = "$(TARGET_NAME)";
				SWIFT_EMIT_LOC_STRINGS = NO;
				SWIFT_VERSION = 5.0;
				TARGETED_DEVICE_FAMILY = "1,2";
				TEST_TARGET_NAME = SpineProject;
			};
			name = Release;
		};
/* End XCBuildConfiguration section */

/* Begin XCConfigurationList section */
		65E2E48928A19E1C00BE6426 /* Build configuration list for PBXProject "SpineProject" */ = {
			isa = XCConfigurationList;
			buildConfigurations = (
				65E2E4B028A19E1E00BE6426 /* Debug */,
				65E2E4B128A19E1E00BE6426 /* Release */,
			);
			defaultConfigurationIsVisible = 0;
			defaultConfigurationName = Release;
		};
		65E2E4B228A19E1E00BE6426 /* Build configuration list for PBXNativeTarget "SpineProject" */ = {
			isa = XCConfigurationList;
			buildConfigurations = (
				65E2E4B328A19E1E00BE6426 /* Debug */,
				65E2E4B428A19E1E00BE6426 /* Release */,
			);
			defaultConfigurationIsVisible = 0;
			defaultConfigurationName = Release;
		};
		65E2E4B528A19E1E00BE6426 /* Build configuration list for PBXNativeTarget "SpineProjectTests" */ = {
			isa = XCConfigurationList;
			buildConfigurations = (
				65E2E4B628A19E1E00BE6426 /* Debug */,
				65E2E4B728A19E1E00BE6426 /* Release */,
			);
			defaultConfigurationIsVisible = 0;
			defaultConfigurationName = Release;
		};
		65E2E4B828A19E1E00BE6426 /* Build configuration list for PBXNativeTarget "SpineProjectUITests" */ = {
			isa = XCConfigurationList;
			buildConfigurations = (
				65E2E4B928A19E1E00BE6426 /* Debug */,
				65E2E4BA28A19E1E00BE6426 /* Release */,
			);
			defaultConfigurationIsVisible = 0;
			defaultConfigurationName = Release;
		};
/* End XCConfigurationList section */
	};
	rootObject = 65E2E48628A19E1C00BE6426 /* Project object */;
}
